
Microsoft Visual Studio Solution File, Format Version 12.00
# Visual Studio Express 14 for Web
VisualStudioVersion = 14.0.23107.0
MinimumVisualStudioVersion = 10.0.40219.1
Project("{FAE04EC0-301F-11D3-BF4B-00C04F79EFBC}") = "EmployeeSalary", "EmployeeSalary\EmployeeSalary.csproj", "{295639DB-1261-47CB-817A-4564181F33CA}"
EndProject
Project("{FAE04EC0-301F-11D3-BF4B-00C04F79EFBC}") = "SalaryCalculation", "SalaryCalculation\SalaryCalculation.csproj", "{B143464A-8CAF-41DD-9B32-F3D09AEBC6A9}"
EndProject
Global
	GlobalSection(SolutionConfigurationPlatforms) = preSolution
		Debug|Any CPU = Debug|Any CPU
		Release|Any CPU = Release|Any CPU
	EndGlobalSection
	GlobalSection(ProjectConfigurationPlatforms) = postSolution
		{295639DB-1261-47CB-817A-4564181F33CA}.Debug|Any CPU.ActiveCfg = Debug|Any CPU
		{295639DB-1261-47CB-817A-4564181F33CA}.Debug|Any CPU.Build.0 = Debug|Any CPU
		{295639DB-1261-47CB-817A-4564181F33CA}.Release|Any CPU.ActiveCfg = Release|Any CPU
		{295639DB-1261-47CB-817A-4564181F33CA}.Release|Any CPU.Build.0 = Release|Any CPU
		{B143464A-8CAF-41DD-9B32-F3D09AEBC6A9}.Debug|Any CPU.ActiveCfg = Debug|Any CPU
		{B143464A-8CAF-41DD-9B32-F3D09AEBC6A9}.Debug|Any CPU.Build.0 = Debug|Any CPU
		{B143464A-8CAF-41DD-9B32-F3D09AEBC6A9}.Release|Any CPU.ActiveCfg = Release|Any CPU
		{B143464A-8CAF-41DD-9B32-F3D09AEBC6A9}.Release|Any CPU.Build.0 = Release|Any CPU
	EndGlobalSection
	GlobalSection(SolutionProperties) = preSolution
		HideSolutionNode = FALSE
	EndGlobalSection
EndGlobal
